{
  "name": "crazy-client",
  "lockfileVersion": 2,
  "requires": true,
  "packages": {
    "": {
      "name": "crazy-client",
      "dependencies": {
        "js-circle-progress": "^1.0.0-beta.0",
        "sweetalert2": "^11.6.13"
      }
    },
    "node_modules/js-circle-progress": {
      "version": "1.0.0-beta.0",
      "resolved": "https://registry.npmjs.org/js-circle-progress/-/js-circle-progress-1.0.0-beta.0.tgz",
      "integrity": "sha512-ifwWDexa1xZK36ClnnQUGQxlTXXNXhFwIVMt3cQA5vExOSpka9KNo1ZbFPFLJH7qmD0tcxArg3GkVOQkfIz8xQ=="
    },
    "node_modules/sweetalert2": {
      "version": "11.6.13",
      "resolved": "https://registry.npmjs.org/sweetalert2/-/sweetalert2-11.6.13.tgz",
      "integrity": "sha512-n5yVF0FNx1lm4XzpPyb1HIaiptzODfVyeCzmB809tpK+1bPdoKoevKOxYjrtId75DV7xuIp4r6cjn8xUAB8dPQ==",
      "funding": {
        "type": "individual",
        "url": "https://github.com/sponsors/limonte"
      }
    }
  },
  "dependencies": {
    "js-circle-progress": {
      "version": "1.0.0-beta.0",
      "resolved": "https://registry.npmjs.org/js-circle-progress/-/js-circle-progress-1.0.0-beta.0.tgz",
      "integrity": "sha512-ifwWDexa1xZK36ClnnQUGQxlTXXNXhFwIVMt3cQA5vExOSpka9KNo1ZbFPFLJH7qmD0tcxArg3GkVOQkfIz8xQ=="
    },
    "sweetalert2": {
      "version": "11.6.13",
      "resolved": "https://registry.npmjs.org/sweetalert2/-/sweetalert2-11.6.13.tgz",
      "integrity": "sha512-n5yVF0FNx1lm4XzpPyb1HIaiptzODfVyeCzmB809tpK+1bPdoKoevKOxYjrtId75DV7xuIp4r6cjn8xUAB8dPQ=="
    }
  }
}
