# THIS IS AN AUTOGENERATED FILE. DO NOT EDIT THIS FILE DIRECTLY.
# yarn lockfile v1


js-circle-progress@^1.0.0-beta.0:
  version "1.0.0-beta.0"
  resolved "https://registry.yarnpkg.com/js-circle-progress/-/js-circle-progress-1.0.0-beta.0.tgz#ca5e24806084828edf8d849de5232f8dbf733d1c"
  integrity sha512-ifwWDexa1xZK36ClnnQUGQxlTXXNXhFwIVMt3cQA5vExOSpka9KNo1ZbFPFLJH7qmD0tcxArg3GkVOQkfIz8xQ==

sweetalert2@^11.11.1:
  version "11.11.1"
  resolved "https://registry.yarnpkg.com/sweetalert2/-/sweetalert2-11.11.1.tgz#bb07de656c5bd65bb7c30b4bea93f99cc65f7714"
  integrity sha512-7jumu0I0/QdRa5R7K1mh05ZdhmsMV6rZOVtjpratZGidxyJD4Sn7rDSA+zmKHzvMef9hVTwPmDU3VxnvhVQMNg==
