# THIS IS AN AUTOGENERATED FILE. DO NOT EDIT THIS FILE DIRECTLY.
# yarn lockfile v1


"js-circle-progress@^1.0.0-beta.0":
  "integrity" "sha512-ifwWDexa1xZK36ClnnQUGQxlTXXNXhFwIVMt3cQA5vExOSpka9KNo1ZbFPFLJH7qmD0tcxArg3GkVOQkfIz8xQ=="
  "resolved" "https://registry.npmjs.org/js-circle-progress/-/js-circle-progress-1.0.0-beta.0.tgz"
  "version" "1.0.0-beta.0"

"sweetalert2@^11.11.1":
  "integrity" "sha512-7jumu0I0/QdRa5R7K1mh05ZdhmsMV6rZOVtjpratZGidxyJD4Sn7rDSA+zmKHzvMef9hVTwPmDU3VxnvhVQMNg=="
  "resolved" "https://registry.npmjs.org/sweetalert2/-/sweetalert2-11.11.1.tgz"
  "version" "11.11.1"
